
Microsoft Visual Studio Solution File, Format Version 12.00
# Visual Studio Version 17
VisualStudioVersion = 17.0.31903.59
MinimumVisualStudioVersion = 10.0.40219.1
Project("{FAE04EC0-301F-11D3-BF4B-00C04F79EFBC}") = "workspace_member", "workspace_member\workspace_member.csproj", "{43AC09F2-087C-49B9-84D6-88BFA9966E3D}"
EndProject
Project("{FAE04EC0-301F-11D3-BF4B-00C04F79EFBC}") = "dotnet_workspace", "dotnet_workspace.csproj", "{58AF2B0A-3259-4BFE-ADDA-705FA567C96C}"
EndProject
Global
	GlobalSection(SolutionConfigurationPlatforms) = preSolution
		Debug|Any CPU = Debug|Any CPU
		Release|Any CPU = Release|Any CPU
	EndGlobalSection
	GlobalSection(SolutionProperties) = preSolution
		HideSolutionNode = FALSE
	EndGlobalSection
	GlobalSection(ProjectConfigurationPlatforms) = postSolution
		{43AC09F2-087C-49B9-84D6-88BFA9966E3D}.Debug|Any CPU.ActiveCfg = Debug|Any CPU
		{43AC09F2-087C-49B9-84D6-88BFA9966E3D}.Debug|Any CPU.Build.0 = Debug|Any CPU
		{43AC09F2-087C-49B9-84D6-88BFA9966E3D}.Release|Any CPU.ActiveCfg = Release|Any CPU
		{43AC09F2-087C-49B9-84D6-88BFA9966E3D}.Release|Any CPU.Build.0 = Release|Any CPU
		{58AF2B0A-3259-4BFE-ADDA-705FA567C96C}.Debug|Any CPU.ActiveCfg = Debug|Any CPU
		{58AF2B0A-3259-4BFE-ADDA-705FA567C96C}.Debug|Any CPU.Build.0 = Debug|Any CPU
		{58AF2B0A-3259-4BFE-ADDA-705FA567C96C}.Release|Any CPU.ActiveCfg = Release|Any CPU
		{58AF2B0A-3259-4BFE-ADDA-705FA567C96C}.Release|Any CPU.Build.0 = Release|Any CPU
	EndGlobalSection
EndGlobal
