# This file is generated by running "yarn install" inside your project.
# Manual changes might be lost - proceed with caution!

__metadata:
  version: 6
  cacheKey: 8

"lodash@npm:^4.17.21":
  version: 4.17.21
  resolution: "lodash@npm:4.17.21"
  checksum: eb835a2e51d381e561e508ce932ea50a8e5a68f4ebdd771ea240d3048244a8d13658acbd502cd4829768c56f2e16bdd4340b9ea141297d472517b83868e677f7
  languageName: node
  linkType: hard

"typescript@npm:^5.2.2":
  version: 5.2.2
  resolution: "typescript@npm:5.2.2"
  bin:
    tsc: bin/tsc
    tsserver: bin/tsserver
  checksum: 7912821dac4d962d315c36800fe387cdc0a6298dba7ec171b350b4a6e988b51d7b8f051317786db1094bd7431d526b648aba7da8236607febb26cf5b871d2d3c
  languageName: node
  linkType: hard

"typescript@patch:typescript@^5.2.2#~builtin<compat/typescript>":
  version: 5.2.2
  resolution: "typescript@patch:typescript@npm%3A5.2.2#~builtin<compat/typescript>::version=5.2.2&hash=f3b441"
  bin:
    tsc: bin/tsc
    tsserver: bin/tsserver
  checksum: 0f4da2f15e6f1245e49db15801dbee52f2bbfb267e1c39225afdab5afee1a72839cd86000e65ee9d7e4dfaff12239d28beaf5ee431357fcced15fb08583d72ca
  languageName: node
  linkType: hard

"workspace_member@file:./projects/workspace_member::locator=yarn_workspace%40workspace%3A.":
  version: 0.0.0
  resolution: "workspace_member@file:./projects/workspace_member#./projects/workspace_member::hash=7fdaf8&locator=yarn_workspace%40workspace%3A."
  dependencies:
    typescript: ^5.2.2
  checksum: 67be1abbecdd5dde3dc9751797bc3262f80e41b123a9c549e60501d7dc61f0c4f7035daf0f819739a9401da5a39462d0d742c17905bbc8ed2fe3f0d61df3518d
  languageName: node
  linkType: hard

"workspace_member@workspace:projects/workspace_member":
  version: 0.0.0-use.local
  resolution: "workspace_member@workspace:projects/workspace_member"
  dependencies:
    typescript: ^5.2.2
  languageName: unknown
  linkType: soft

"yarn_workspace@workspace:.":
  version: 0.0.0-use.local
  resolution: "yarn_workspace@workspace:."
  dependencies:
    lodash: ^4.17.21
    workspace_member: ./projects/workspace_member
  languageName: unknown
  linkType: soft
